uuid: b63cad8e-0540-4a9c-bbcd-b54ba1e59079
langcode: en
status: true
dependencies:
  content:
    - 'block_content:basic:c353c4bf-d853-4b12-b0c7-5bce21105563'
  module:
    - block_content
  theme:
    - olivero
id: olivero_welcomeblock
theme: olivero
region: sidebar
weight: -8
provider: null
plugin: 'block_content:c353c4bf-d853-4b12-b0c7-5bce21105563'
settings:
  id: 'block_content:c353c4bf-d853-4b12-b0c7-5bce21105563'
  label: Welcome
  label_display: visible
  provider: block_content
  status: true
  info: ''
  view_mode: full
visibility: {  }
